
Microsoft Visual Studio Solution File, Format Version 12.00
# Visual Studio 15
VisualStudioVersion = 15.0.27703.2000
MinimumVisualStudioVersion = 10.0.40219.1
Project("{FAE04EC0-301F-11D3-BF4B-00C04F79EFBC}") = "L_1_1", "CW\L_1_1\L_1_1.csproj", "{1C7690C5-6B00-4D28-890E-BF55994D5DD6}"
EndProject
Project("{2150E333-8FDC-42A3-9474-1A3956D46DE8}") = "CW", "CW", "{13200E70-EF4E-42ED-B24F-4BD0771726F5}"
EndProject
Project("{2150E333-8FDC-42A3-9474-1A3956D46DE8}") = "HW", "HW", "{A4C0B621-2CF0-4027-9036-66DA1BAB2CA2}"
EndProject
Project("{FAE04EC0-301F-11D3-BF4B-00C04F79EFBC}") = "L_1_2", "HW\L_1_2\L_1_2.csproj", "{22FBB985-3766-4CD3-BBB3-CC5451388A8F}"
EndProject
Project("{FAE04EC0-301F-11D3-BF4B-00C04F79EFBC}") = "L_1_3", "HW\L_1_3\L_1_3.csproj", "{26F85823-5172-4FDC-B2C7-E3DD8CA59FDF}"
EndProject
Project("{FAE04EC0-301F-11D3-BF4B-00C04F79EFBC}") = "L_1_4", "HW\L_1_4\L_1_4.csproj", "{B9CD3DE7-A82F-4725-8E9C-C0D5D383AA0A}"
EndProject
Project("{FAE04EC0-301F-11D3-BF4B-00C04F79EFBC}") = "L_1_5", "HW\L_1_5\L_1_5.csproj", "{FB1616B1-366C-4CE0-A209-283B9D41D789}"
EndProject
Project("{FAE04EC0-301F-11D3-BF4B-00C04F79EFBC}") = "L_1_6", "HW\L_1_6\L_1_6.csproj", "{B25D8418-0901-45EA-98F9-B3E4E5547A75}"
EndProject
Project("{FAE04EC0-301F-11D3-BF4B-00C04F79EFBC}") = "L_1_7", "HW\L_1_7\L_1_7.csproj", "{E34E5DAE-6555-4F28-A6C8-B038E17BC7E4}"
EndProject
Project("{FAE04EC0-301F-11D3-BF4B-00C04F79EFBC}") = "L_1_8", "HW\L_1_8\L_1_8.csproj", "{769E5D76-81B1-432C-AEA0-C9516E6411CF}"
EndProject
Project("{FAE04EC0-301F-11D3-BF4B-00C04F79EFBC}") = "L_1_9", "HW\L_1_9\L_1_9.csproj", "{3D701363-C4ED-4DE1-9985-2A904713954A}"
EndProject
Project("{2150E333-8FDC-42A3-9474-1A3956D46DE8}") = "Part_1", "Part_1", "{AB4B9586-B095-4C49-A372-8F994DD2B1DD}"
EndProject
Project("{2150E333-8FDC-42A3-9474-1A3956D46DE8}") = "Part_2", "Part_2", "{02D62F4B-AFF7-4A21-8072-C5CB86FAAC2A}"
EndProject
Project("{2150E333-8FDC-42A3-9474-1A3956D46DE8}") = "Part_1", "Part_1", "{FE415F40-2C62-44D1-A366-90DF7EA72330}"
EndProject
Project("{2150E333-8FDC-42A3-9474-1A3956D46DE8}") = "Part_2", "Part_2", "{032E4600-95D0-4FA7-A960-528C4D43AD25}"
EndProject
Project("{FAE04EC0-301F-11D3-BF4B-00C04F79EFBC}") = "L_2_1", "HW\L_2_1\L_2_1.csproj", "{7AE6A1ED-E9C2-4CC8-8F50-BFA522705E79}"
EndProject
Project("{FAE04EC0-301F-11D3-BF4B-00C04F79EFBC}") = "L_2_2", "HW\L_2_2\L_2_2.csproj", "{34D14B00-F1C8-482C-8BDD-87DFEB580C9C}"
EndProject
Project("{FAE04EC0-301F-11D3-BF4B-00C04F79EFBC}") = "L_2_3", "HW\L_2_3\L_2_3.csproj", "{328B2681-EC10-4120-A120-6606C64DC7EC}"
EndProject
Project("{FAE04EC0-301F-11D3-BF4B-00C04F79EFBC}") = "SharedLib", "Shared\SharedLib\SharedLib.csproj", "{24D4FCF1-68B1-4DD2-8AFE-2B66D896910B}"
EndProject
Project("{FAE04EC0-301F-11D3-BF4B-00C04F79EFBC}") = "L_2_5", "CW\L_2_5\L_2_5.csproj", "{4B8D91CD-0D9B-46C1-B290-787A60F8236E}"
EndProject
Project("{FAE04EC0-301F-11D3-BF4B-00C04F79EFBC}") = "L_2_4", "HW\L_2_4\L_2_4.csproj", "{BB5B8316-EFE5-411D-AB4A-C4EA56E7D444}"
EndProject
Project("{FAE04EC0-301F-11D3-BF4B-00C04F79EFBC}") = "L_2_5", "HW\L_2_5\L_2_5.csproj", "{A0EFEC1E-BC92-4474-9907-7E514F2AD907}"
EndProject
Project("{FAE04EC0-301F-11D3-BF4B-00C04F79EFBC}") = "L_2_6", "CW\L_2_6\L_2_6.csproj", "{F86D38C0-647D-439A-B81D-14CB31A52D26}"
EndProject
Project("{FAE04EC0-301F-11D3-BF4B-00C04F79EFBC}") = "L_2_6.Tests", "L_2_6.Tests\L_2_6.Tests.csproj", "{4B46BD26-5BC6-4E82-AFC8-0B80A22D3668}"
EndProject
Project("{FAE04EC0-301F-11D3-BF4B-00C04F79EFBC}") = "L_2_7", "CW\L_2_7\L_2_7.csproj", "{4C07E68E-242E-4947-8A33-C6493D81C955}"
EndProject
Project("{FAE04EC0-301F-11D3-BF4B-00C04F79EFBC}") = "L_2_6", "HW\L_2_6\L_2_6.csproj", "{CE16CF8B-E0DD-46DA-95A5-454A182A3748}"
EndProject
Global
	GlobalSection(SolutionConfigurationPlatforms) = preSolution
		Debug|Any CPU = Debug|Any CPU
		Release|Any CPU = Release|Any CPU
	EndGlobalSection
	GlobalSection(ProjectConfigurationPlatforms) = postSolution
		{1C7690C5-6B00-4D28-890E-BF55994D5DD6}.Debug|Any CPU.ActiveCfg = Debug|Any CPU
		{1C7690C5-6B00-4D28-890E-BF55994D5DD6}.Debug|Any CPU.Build.0 = Debug|Any CPU
		{1C7690C5-6B00-4D28-890E-BF55994D5DD6}.Release|Any CPU.ActiveCfg = Release|Any CPU
		{1C7690C5-6B00-4D28-890E-BF55994D5DD6}.Release|Any CPU.Build.0 = Release|Any CPU
		{22FBB985-3766-4CD3-BBB3-CC5451388A8F}.Debug|Any CPU.ActiveCfg = Debug|Any CPU
		{22FBB985-3766-4CD3-BBB3-CC5451388A8F}.Debug|Any CPU.Build.0 = Debug|Any CPU
		{22FBB985-3766-4CD3-BBB3-CC5451388A8F}.Release|Any CPU.ActiveCfg = Release|Any CPU
		{22FBB985-3766-4CD3-BBB3-CC5451388A8F}.Release|Any CPU.Build.0 = Release|Any CPU
		{26F85823-5172-4FDC-B2C7-E3DD8CA59FDF}.Debug|Any CPU.ActiveCfg = Debug|Any CPU
		{26F85823-5172-4FDC-B2C7-E3DD8CA59FDF}.Debug|Any CPU.Build.0 = Debug|Any CPU
		{26F85823-5172-4FDC-B2C7-E3DD8CA59FDF}.Release|Any CPU.ActiveCfg = Release|Any CPU
		{26F85823-5172-4FDC-B2C7-E3DD8CA59FDF}.Release|Any CPU.Build.0 = Release|Any CPU
		{B9CD3DE7-A82F-4725-8E9C-C0D5D383AA0A}.Debug|Any CPU.ActiveCfg = Debug|Any CPU
		{B9CD3DE7-A82F-4725-8E9C-C0D5D383AA0A}.Debug|Any CPU.Build.0 = Debug|Any CPU
		{B9CD3DE7-A82F-4725-8E9C-C0D5D383AA0A}.Release|Any CPU.ActiveCfg = Release|Any CPU
		{B9CD3DE7-A82F-4725-8E9C-C0D5D383AA0A}.Release|Any CPU.Build.0 = Release|Any CPU
		{FB1616B1-366C-4CE0-A209-283B9D41D789}.Debug|Any CPU.ActiveCfg = Debug|Any CPU
		{FB1616B1-366C-4CE0-A209-283B9D41D789}.Debug|Any CPU.Build.0 = Debug|Any CPU
		{FB1616B1-366C-4CE0-A209-283B9D41D789}.Release|Any CPU.ActiveCfg = Release|Any CPU
		{FB1616B1-366C-4CE0-A209-283B9D41D789}.Release|Any CPU.Build.0 = Release|Any CPU
		{B25D8418-0901-45EA-98F9-B3E4E5547A75}.Debug|Any CPU.ActiveCfg = Debug|Any CPU
		{B25D8418-0901-45EA-98F9-B3E4E5547A75}.Debug|Any CPU.Build.0 = Debug|Any CPU
		{B25D8418-0901-45EA-98F9-B3E4E5547A75}.Release|Any CPU.ActiveCfg = Release|Any CPU
		{B25D8418-0901-45EA-98F9-B3E4E5547A75}.Release|Any CPU.Build.0 = Release|Any CPU
		{E34E5DAE-6555-4F28-A6C8-B038E17BC7E4}.Debug|Any CPU.ActiveCfg = Debug|Any CPU
		{E34E5DAE-6555-4F28-A6C8-B038E17BC7E4}.Debug|Any CPU.Build.0 = Debug|Any CPU
		{E34E5DAE-6555-4F28-A6C8-B038E17BC7E4}.Release|Any CPU.ActiveCfg = Release|Any CPU
		{E34E5DAE-6555-4F28-A6C8-B038E17BC7E4}.Release|Any CPU.Build.0 = Release|Any CPU
		{769E5D76-81B1-432C-AEA0-C9516E6411CF}.Debug|Any CPU.ActiveCfg = Debug|Any CPU
		{769E5D76-81B1-432C-AEA0-C9516E6411CF}.Debug|Any CPU.Build.0 = Debug|Any CPU
		{769E5D76-81B1-432C-AEA0-C9516E6411CF}.Release|Any CPU.ActiveCfg = Release|Any CPU
		{769E5D76-81B1-432C-AEA0-C9516E6411CF}.Release|Any CPU.Build.0 = Release|Any CPU
		{3D701363-C4ED-4DE1-9985-2A904713954A}.Debug|Any CPU.ActiveCfg = Debug|Any CPU
		{3D701363-C4ED-4DE1-9985-2A904713954A}.Debug|Any CPU.Build.0 = Debug|Any CPU
		{3D701363-C4ED-4DE1-9985-2A904713954A}.Release|Any CPU.ActiveCfg = Release|Any CPU
		{3D701363-C4ED-4DE1-9985-2A904713954A}.Release|Any CPU.Build.0 = Release|Any CPU
		{7AE6A1ED-E9C2-4CC8-8F50-BFA522705E79}.Debug|Any CPU.ActiveCfg = Debug|Any CPU
		{7AE6A1ED-E9C2-4CC8-8F50-BFA522705E79}.Debug|Any CPU.Build.0 = Debug|Any CPU
		{7AE6A1ED-E9C2-4CC8-8F50-BFA522705E79}.Release|Any CPU.ActiveCfg = Release|Any CPU
		{7AE6A1ED-E9C2-4CC8-8F50-BFA522705E79}.Release|Any CPU.Build.0 = Release|Any CPU
		{34D14B00-F1C8-482C-8BDD-87DFEB580C9C}.Debug|Any CPU.ActiveCfg = Debug|Any CPU
		{34D14B00-F1C8-482C-8BDD-87DFEB580C9C}.Debug|Any CPU.Build.0 = Debug|Any CPU
		{34D14B00-F1C8-482C-8BDD-87DFEB580C9C}.Release|Any CPU.ActiveCfg = Release|Any CPU
		{34D14B00-F1C8-482C-8BDD-87DFEB580C9C}.Release|Any CPU.Build.0 = Release|Any CPU
		{328B2681-EC10-4120-A120-6606C64DC7EC}.Debug|Any CPU.ActiveCfg = Debug|Any CPU
		{328B2681-EC10-4120-A120-6606C64DC7EC}.Debug|Any CPU.Build.0 = Debug|Any CPU
		{328B2681-EC10-4120-A120-6606C64DC7EC}.Release|Any CPU.ActiveCfg = Release|Any CPU
		{328B2681-EC10-4120-A120-6606C64DC7EC}.Release|Any CPU.Build.0 = Release|Any CPU
		{24D4FCF1-68B1-4DD2-8AFE-2B66D896910B}.Debug|Any CPU.ActiveCfg = Debug|Any CPU
		{24D4FCF1-68B1-4DD2-8AFE-2B66D896910B}.Debug|Any CPU.Build.0 = Debug|Any CPU
		{24D4FCF1-68B1-4DD2-8AFE-2B66D896910B}.Release|Any CPU.ActiveCfg = Release|Any CPU
		{24D4FCF1-68B1-4DD2-8AFE-2B66D896910B}.Release|Any CPU.Build.0 = Release|Any CPU
		{4B8D91CD-0D9B-46C1-B290-787A60F8236E}.Debug|Any CPU.ActiveCfg = Debug|Any CPU
		{4B8D91CD-0D9B-46C1-B290-787A60F8236E}.Debug|Any CPU.Build.0 = Debug|Any CPU
		{4B8D91CD-0D9B-46C1-B290-787A60F8236E}.Release|Any CPU.ActiveCfg = Release|Any CPU
		{4B8D91CD-0D9B-46C1-B290-787A60F8236E}.Release|Any CPU.Build.0 = Release|Any CPU
		{BB5B8316-EFE5-411D-AB4A-C4EA56E7D444}.Debug|Any CPU.ActiveCfg = Debug|Any CPU
		{BB5B8316-EFE5-411D-AB4A-C4EA56E7D444}.Debug|Any CPU.Build.0 = Debug|Any CPU
		{BB5B8316-EFE5-411D-AB4A-C4EA56E7D444}.Release|Any CPU.ActiveCfg = Release|Any CPU
		{BB5B8316-EFE5-411D-AB4A-C4EA56E7D444}.Release|Any CPU.Build.0 = Release|Any CPU
		{A0EFEC1E-BC92-4474-9907-7E514F2AD907}.Debug|Any CPU.ActiveCfg = Debug|Any CPU
		{A0EFEC1E-BC92-4474-9907-7E514F2AD907}.Debug|Any CPU.Build.0 = Debug|Any CPU
		{A0EFEC1E-BC92-4474-9907-7E514F2AD907}.Release|Any CPU.ActiveCfg = Release|Any CPU
		{A0EFEC1E-BC92-4474-9907-7E514F2AD907}.Release|Any CPU.Build.0 = Release|Any CPU
		{F86D38C0-647D-439A-B81D-14CB31A52D26}.Debug|Any CPU.ActiveCfg = Debug|Any CPU
		{F86D38C0-647D-439A-B81D-14CB31A52D26}.Debug|Any CPU.Build.0 = Debug|Any CPU
		{F86D38C0-647D-439A-B81D-14CB31A52D26}.Release|Any CPU.ActiveCfg = Release|Any CPU
		{F86D38C0-647D-439A-B81D-14CB31A52D26}.Release|Any CPU.Build.0 = Release|Any CPU
		{4B46BD26-5BC6-4E82-AFC8-0B80A22D3668}.Debug|Any CPU.ActiveCfg = Debug|Any CPU
		{4B46BD26-5BC6-4E82-AFC8-0B80A22D3668}.Debug|Any CPU.Build.0 = Debug|Any CPU
		{4B46BD26-5BC6-4E82-AFC8-0B80A22D3668}.Release|Any CPU.ActiveCfg = Release|Any CPU
		{4B46BD26-5BC6-4E82-AFC8-0B80A22D3668}.Release|Any CPU.Build.0 = Release|Any CPU
		{4C07E68E-242E-4947-8A33-C6493D81C955}.Debug|Any CPU.ActiveCfg = Debug|Any CPU
		{4C07E68E-242E-4947-8A33-C6493D81C955}.Debug|Any CPU.Build.0 = Debug|Any CPU
		{4C07E68E-242E-4947-8A33-C6493D81C955}.Release|Any CPU.ActiveCfg = Release|Any CPU
		{4C07E68E-242E-4947-8A33-C6493D81C955}.Release|Any CPU.Build.0 = Release|Any CPU
		{CE16CF8B-E0DD-46DA-95A5-454A182A3748}.Debug|Any CPU.ActiveCfg = Debug|Any CPU
		{CE16CF8B-E0DD-46DA-95A5-454A182A3748}.Debug|Any CPU.Build.0 = Debug|Any CPU
		{CE16CF8B-E0DD-46DA-95A5-454A182A3748}.Release|Any CPU.ActiveCfg = Release|Any CPU
		{CE16CF8B-E0DD-46DA-95A5-454A182A3748}.Release|Any CPU.Build.0 = Release|Any CPU
	EndGlobalSection
	GlobalSection(SolutionProperties) = preSolution
		HideSolutionNode = FALSE
	EndGlobalSection
	GlobalSection(NestedProjects) = preSolution
		{1C7690C5-6B00-4D28-890E-BF55994D5DD6} = {FE415F40-2C62-44D1-A366-90DF7EA72330}
		{22FBB985-3766-4CD3-BBB3-CC5451388A8F} = {AB4B9586-B095-4C49-A372-8F994DD2B1DD}
		{26F85823-5172-4FDC-B2C7-E3DD8CA59FDF} = {AB4B9586-B095-4C49-A372-8F994DD2B1DD}
		{B9CD3DE7-A82F-4725-8E9C-C0D5D383AA0A} = {AB4B9586-B095-4C49-A372-8F994DD2B1DD}
		{FB1616B1-366C-4CE0-A209-283B9D41D789} = {AB4B9586-B095-4C49-A372-8F994DD2B1DD}
		{B25D8418-0901-45EA-98F9-B3E4E5547A75} = {AB4B9586-B095-4C49-A372-8F994DD2B1DD}
		{E34E5DAE-6555-4F28-A6C8-B038E17BC7E4} = {AB4B9586-B095-4C49-A372-8F994DD2B1DD}
		{769E5D76-81B1-432C-AEA0-C9516E6411CF} = {AB4B9586-B095-4C49-A372-8F994DD2B1DD}
		{3D701363-C4ED-4DE1-9985-2A904713954A} = {AB4B9586-B095-4C49-A372-8F994DD2B1DD}
		{AB4B9586-B095-4C49-A372-8F994DD2B1DD} = {A4C0B621-2CF0-4027-9036-66DA1BAB2CA2}
		{02D62F4B-AFF7-4A21-8072-C5CB86FAAC2A} = {A4C0B621-2CF0-4027-9036-66DA1BAB2CA2}
		{FE415F40-2C62-44D1-A366-90DF7EA72330} = {13200E70-EF4E-42ED-B24F-4BD0771726F5}
		{032E4600-95D0-4FA7-A960-528C4D43AD25} = {13200E70-EF4E-42ED-B24F-4BD0771726F5}
		{7AE6A1ED-E9C2-4CC8-8F50-BFA522705E79} = {02D62F4B-AFF7-4A21-8072-C5CB86FAAC2A}
		{34D14B00-F1C8-482C-8BDD-87DFEB580C9C} = {02D62F4B-AFF7-4A21-8072-C5CB86FAAC2A}
		{328B2681-EC10-4120-A120-6606C64DC7EC} = {02D62F4B-AFF7-4A21-8072-C5CB86FAAC2A}
		{4B8D91CD-0D9B-46C1-B290-787A60F8236E} = {032E4600-95D0-4FA7-A960-528C4D43AD25}
		{BB5B8316-EFE5-411D-AB4A-C4EA56E7D444} = {02D62F4B-AFF7-4A21-8072-C5CB86FAAC2A}
		{A0EFEC1E-BC92-4474-9907-7E514F2AD907} = {02D62F4B-AFF7-4A21-8072-C5CB86FAAC2A}
		{F86D38C0-647D-439A-B81D-14CB31A52D26} = {032E4600-95D0-4FA7-A960-528C4D43AD25}
		{4B46BD26-5BC6-4E82-AFC8-0B80A22D3668} = {032E4600-95D0-4FA7-A960-528C4D43AD25}
		{4C07E68E-242E-4947-8A33-C6493D81C955} = {032E4600-95D0-4FA7-A960-528C4D43AD25}
		{CE16CF8B-E0DD-46DA-95A5-454A182A3748} = {02D62F4B-AFF7-4A21-8072-C5CB86FAAC2A}
	EndGlobalSection
	GlobalSection(ExtensibilityGlobals) = postSolution
		SolutionGuid = {E50E9F9A-9B95-4F88-8074-B2E9FEB83F4B}
	EndGlobalSection
EndGlobal
